{
  "name": "neevpath-forge-tools",
  "lockfileVersion": 3,
  "requires": true,
  "packages": {
    "": {
      "name": "neevpath-forge-tools",
      "dependencies": {
        "@krxgu/kernel-skills": "0.2.0"
      },
      "engines": {
        "node": ">=18"
      }
    },
    "node_modules/@krxgu/kernel-skills": {
      "version": "0.2.0",
      "resolved": "https://registry.npmjs.org/@krxgu/kernel-skills/-/kernel-skills-0.2.0.tgz",
      "integrity": "sha512-9KnXaQ5yG16JZHkYTfXWV8qChk+4UuQOBsuN8pl5bElWpE/K10vOF1AaQxwh4dVJWiJYeQs91xUOsiuKz8zwCQ==",
      "license": "MIT",
      "bin": {
        "kernel-skills": "dist/src/cli.js"
      },
      "engines": {
        "node": ">=18"
      }
    }
  }
}
